
Microsoft Visual Studio Solution File, Format Version 12.00
# Visual Studio Version 17
VisualStudioVersion = 17.14.35821.62
MinimumVisualStudioVersion = 10.0.40219.1
Project("{FAE04EC0-301F-11D3-BF4B-00C04F79EFBC}") = "Sollies.Rbac", "Sollies.Rbac\Sollies.Rbac\Sollies.Rbac.csproj", "{7DA68054-7744-48E3-B1D3-E9C6AF68058F}"
EndProject
Project("{FAE04EC0-301F-11D3-BF4B-00C04F79EFBC}") = "Sollies.Rbac.Client", "Sollies.Rbac\Sollies.Rbac.Client\Sollies.Rbac.Client.csproj", "{62FC1428-9534-4E38-B427-CC0829901D41}"
EndProject
Project("{FAE04EC0-301F-11D3-BF4B-00C04F79EFBC}") = "Sollies.Rbac.Shared", "Sollies.Rbac.Shared\Sollies.Rbac.Shared.csproj", "{EFE457F7-F15A-4E4B-B8FE-57BB5315B0F6}"
EndProject
Project("{2150E333-8FDC-42A3-9474-1A3956D46DE8}") = "Tests", "Tests", "{02EA681E-C7D8-13C7-8484-4AC65E1B71E8}"
EndProject
Project("{FAE04EC0-301F-11D3-BF4B-00C04F79EFBC}") = "Sollies.Rbac.FunctionalTests", "Sollies.Rbac.FunctionalTests\Sollies.Rbac.FunctionalTests.csproj", "{8CBAC361-A965-4ECD-959A-523AA9619AAC}"
EndProject
Global
	GlobalSection(SolutionConfigurationPlatforms) = preSolution
		Debug|Any CPU = Debug|Any CPU
		Release|Any CPU = Release|Any CPU
	EndGlobalSection
	GlobalSection(ProjectConfigurationPlatforms) = postSolution
		{7DA68054-7744-48E3-B1D3-E9C6AF68058F}.Debug|Any CPU.ActiveCfg = Debug|Any CPU
		{7DA68054-7744-48E3-B1D3-E9C6AF68058F}.Debug|Any CPU.Build.0 = Debug|Any CPU
		{7DA68054-7744-48E3-B1D3-E9C6AF68058F}.Release|Any CPU.ActiveCfg = Release|Any CPU
		{7DA68054-7744-48E3-B1D3-E9C6AF68058F}.Release|Any CPU.Build.0 = Release|Any CPU
		{62FC1428-9534-4E38-B427-CC0829901D41}.Debug|Any CPU.ActiveCfg = Debug|Any CPU
		{62FC1428-9534-4E38-B427-CC0829901D41}.Debug|Any CPU.Build.0 = Debug|Any CPU
		{62FC1428-9534-4E38-B427-CC0829901D41}.Release|Any CPU.ActiveCfg = Release|Any CPU
		{62FC1428-9534-4E38-B427-CC0829901D41}.Release|Any CPU.Build.0 = Release|Any CPU
		{EFE457F7-F15A-4E4B-B8FE-57BB5315B0F6}.Debug|Any CPU.ActiveCfg = Debug|Any CPU
		{EFE457F7-F15A-4E4B-B8FE-57BB5315B0F6}.Debug|Any CPU.Build.0 = Debug|Any CPU
		{EFE457F7-F15A-4E4B-B8FE-57BB5315B0F6}.Release|Any CPU.ActiveCfg = Release|Any CPU
		{EFE457F7-F15A-4E4B-B8FE-57BB5315B0F6}.Release|Any CPU.Build.0 = Release|Any CPU
		{8CBAC361-A965-4ECD-959A-523AA9619AAC}.Debug|Any CPU.ActiveCfg = Debug|Any CPU
		{8CBAC361-A965-4ECD-959A-523AA9619AAC}.Debug|Any CPU.Build.0 = Debug|Any CPU
		{8CBAC361-A965-4ECD-959A-523AA9619AAC}.Release|Any CPU.ActiveCfg = Release|Any CPU
		{8CBAC361-A965-4ECD-959A-523AA9619AAC}.Release|Any CPU.Build.0 = Release|Any CPU
	EndGlobalSection
	GlobalSection(SolutionProperties) = preSolution
		HideSolutionNode = FALSE
	EndGlobalSection
	GlobalSection(NestedProjects) = preSolution
		{8CBAC361-A965-4ECD-959A-523AA9619AAC} = {02EA681E-C7D8-13C7-8484-4AC65E1B71E8}
	EndGlobalSection
	GlobalSection(ExtensibilityGlobals) = postSolution
		SolutionGuid = {A00C501F-536B-4E6C-8A11-31E99D23B46F}
	EndGlobalSection
EndGlobal
